#MicroXplorer Configuration settings - do not modify
Mcu.Family=STM32F4
ProjectManager.MainLocation=Core/Src
ProjectManager.ProjectFileName=mqtt-client-for-embedded-systems.ioc
RCC.CortexFreq_Value=168000000
PA7.Mode=RMII
ProjectManager.KeepUserCode=true
Mcu.UserName=STM32F429ZITx
Mcu.PinsNb=17
ProjectManager.NoMain=false
RCC.PLLCLKFreq_Value=168000000
RCC.PLLQCLKFreq_Value=84000000
ProjectManager.functionlistsort=1-MX_GPIO_Init-GPIO-false-HAL-true,2-SystemClock_Config-RCC-false-HAL-false,3-MX_LWIP_Init-LWIP-false-HAL-false
PC4.Signal=ETH_RXD0
RCC.RTCFreq_Value=32000
ProjectManager.DefaultFWLocation=true
RCC.VCOSAIOutputFreq_ValueQ=24500000
PC14/OSC32_IN.Mode=LSE-External-Oscillator
LWIP.LWIP_DHCP=0
RCC.VCOSAIOutputFreq_ValueR=49000000
ProjectManager.DeletePrevious=true
PC5.Mode=RMII
RCC.APB1CLKDivider=RCC_HCLK_DIV4
PB13.Signal=ETH_TXD1
PG13.Signal=ETH_TXD0
ETH.PhyAddress=0
PinOutPanel.RotationAngle=0
PG11.Signal=ETH_TX_EN
RCC.FamilyName=M
RCC.SYSCLKSource=RCC_SYSCLKSOURCE_PLLCLK
ProjectManager.StackSize=0x400
VP_LWIP_VS_Enabled.Mode=Enabled
LWIP.GATEWAY_ADDRESS=192.168.001.001
ETH.IPParameters=MediaInterface,PhyAddress
RCC.SAI_BClocksFreq_Value=24500000
LWIP.NETMASK_ADDRESS=255.255.255.000
PA13.Signal=SYS_JTMS-SWDIO
Mcu.IP4=SYS
RCC.FCLKCortexFreq_Value=168000000
Mcu.IP2=NVIC
NVIC.SVCall_IRQn=true\:0\:0\:false\:false\:true\:false\:false
Mcu.IP3=RCC
Mcu.IP0=ETH
Mcu.IP1=LWIP
Mcu.UserConstants=
ProjectManager.TargetToolchain=STM32CubeIDE
RCC.LCDTFTFreq_Value=24500000
LWIP.IPParameters=LWIP_DHCP,IP_ADDRESS,NETMASK_ADDRESS,GATEWAY_ADDRESS
Mcu.ThirdPartyNb=0
PH0/OSC_IN.Mode=HSE-External-Clock-Source
RCC.HCLKFreq_Value=168000000
Mcu.IPNb=5
RCC.I2SClocksFreq_Value=192000000
ProjectManager.PreviousToolchain=
RCC.APB2TimFreq_Value=168000000
RCC.VcooutputI2S=192000000
RCC.VcooutputI2SQ=192000000
PH1/OSC_OUT.Signal=RCC_OSC_OUT
Mcu.Pin6=PA2
Mcu.Pin7=PA7
ProjectManager.RegisterCallBack=
Mcu.Pin8=PC4
Mcu.Pin9=PC5
RCC.VCOSAIOutputFreq_Value=98000000
PA1.Signal=ETH_REF_CLK
RCC.AHBFreq_Value=168000000
Mcu.Pin0=PC14/OSC32_IN
Mcu.Pin1=PC15/OSC32_OUT
Mcu.Pin2=PH0/OSC_IN
Mcu.Pin3=PH1/OSC_OUT
Mcu.Pin4=PC1
RCC.VCOI2SOutputFreq_Value=384000000
Mcu.Pin5=PA1
ProjectManager.ProjectBuild=false
RCC.HSE_VALUE=8000000
PG13.Locked=true
NVIC.UsageFault_IRQn=true\:0\:0\:false\:false\:true\:false\:false
NVIC.DebugMonitor_IRQn=true\:0\:0\:false\:false\:true\:false\:false
board=custom
RCC.VCOOutputFreq_Value=336000000
NVIC.SysTick_IRQn=true\:0\:0\:false\:false\:true\:false\:true
ProjectManager.LastFirmware=true
ProjectManager.FirmwarePackage=STM32Cube FW_F4 V1.26.2
PH0/OSC_IN.Signal=RCC_OSC_IN
MxDb.Version=DB.6.0.21
RCC.APB2Freq_Value=84000000
PA1.Mode=RMII
ProjectManager.BackupPrevious=false
MxCube.Version=6.2.1
RCC.VCOInputFreq_Value=2000000
PA14.Mode=Serial_Wire
File.Version=6
VP_SYS_VS_Systick.Mode=SysTick
RCC.EthernetFreq_Value=168000000
NVIC.NonMaskableInt_IRQn=true\:0\:0\:false\:false\:true\:false\:false
PG13.Mode=RMII
NVIC.PendSV_IRQn=true\:0\:0\:false\:false\:true\:false\:false
PA13.Mode=Serial_Wire
ProjectManager.FreePins=false
RCC.IPParameters=48MHZClocksFreq_Value,AHBFreq_Value,APB1CLKDivider,APB1Freq_Value,APB1TimFreq_Value,APB2CLKDivider,APB2Freq_Value,APB2TimFreq_Value,CortexFreq_Value,EthernetFreq_Value,FCLKCortexFreq_Value,FamilyName,HCLKFreq_Value,HSE_VALUE,HSI_VALUE,I2SClocksFreq_Value,LCDTFTFreq_Value,LSI_VALUE,MCO2PinFreq_Value,PLLCLKFreq_Value,PLLM,PLLN,PLLQCLKFreq_Value,RTCFreq_Value,RTCHSEDivFreq_Value,SAI_AClocksFreq_Value,SAI_BClocksFreq_Value,SYSCLKFreq_VALUE,SYSCLKSource,VCOI2SOutputFreq_Value,VCOInputFreq_Value,VCOOutputFreq_Value,VCOSAIOutputFreq_Value,VCOSAIOutputFreq_ValueQ,VCOSAIOutputFreq_ValueR,VcooutputI2S,VcooutputI2SQ
PH1/OSC_OUT.Mode=HSE-External-Clock-Source
ProjectManager.AskForMigrate=true
Mcu.Name=STM32F429ZITx
ProjectManager.HalAssertFull=false
RCC.RTCHSEDivFreq_Value=4000000
PA2.Signal=ETH_MDIO
ProjectManager.ProjectName=mqtt-client-for-embedded-systems
ProjectManager.UnderRoot=true
ProjectManager.CoupleFile=true
RCC.48MHZClocksFreq_Value=84000000
RCC.MCO2PinFreq_Value=168000000
RCC.SYSCLKFreq_VALUE=168000000
Mcu.Package=LQFP144
ETH.MediaInterface=ETH_MEDIA_INTERFACE_RMII
NVIC.ForceEnableDMAVector=true
KeepUserPlacement=false
PG11.Locked=true
PC14/OSC32_IN.Signal=RCC_OSC32_IN
NVIC.MemoryManagement_IRQn=true\:0\:0\:false\:false\:true\:false\:false
PC15/OSC32_OUT.Mode=LSE-External-Oscillator
ProjectManager.CompilerOptimize=6
ProjectManager.ToolChainLocation=
PG11.Mode=RMII
RCC.LSI_VALUE=32000
VP_SYS_VS_Systick.Signal=SYS_VS_Systick
PA14.Signal=SYS_JTCK-SWCLK
ProjectManager.HeapSize=0x200
Mcu.Pin15=VP_LWIP_VS_Enabled
NVIC.HardFault_IRQn=true\:0\:0\:false\:false\:true\:false\:false
Mcu.Pin16=VP_SYS_VS_Systick
LWIP.Version=v2.1.2_Cube
Mcu.Pin13=PG11
Mcu.Pin14=PG13
ProjectManager.ComputerToolchain=false
RCC.HSI_VALUE=16000000
NVIC.PriorityGroup=NVIC_PRIORITYGROUP_4
RCC.APB2CLKDivider=RCC_HCLK_DIV2
Mcu.Pin11=PA13
Mcu.Pin12=PA14
RCC.PLLM=8
RCC.PLLN=168
Mcu.Pin10=PB13
RCC.APB1TimFreq_Value=84000000
PA2.Mode=RMII
NVIC.BusFault_IRQn=true\:0\:0\:false\:false\:true\:false\:false
PC15/OSC32_OUT.Signal=RCC_OSC32_OUT
PC5.Signal=ETH_RXD1
PB13.Mode=RMII
RCC.APB1Freq_Value=42000000
ProjectManager.CustomerFirmwarePackage=
ProjectManager.DeviceId=STM32F429ZITx
PC1.Signal=ETH_MDC
ProjectManager.LibraryCopy=1
PC4.Mode=RMII
VP_LWIP_VS_Enabled.Signal=LWIP_VS_Enabled
RCC.SAI_AClocksFreq_Value=24500000
LWIP.IP_ADDRESS=192.168.001.003
PC1.Mode=RMII
PA7.Signal=ETH_CRS_DV
isbadioc=false
